// !$*UTF8*$!
{
	archiveVersion = 1;
	classes = {
	};
	objectVersion = 55;
	objects = {

/* Begin PBXBuildFile section */
		02AAEC3728054A98002AABCE /* InstrumentPanel0412App.swift in Sources */ = {isa = PBXBuildFile; fileRef = 02AAEC3628054A98002AABCE /* InstrumentPanel0412App.swift */; };
		02AAEC3928054A98002AABCE /* ContentView.swift in Sources */ = {isa = PBXBuildFile; fileRef = 02AAEC3828054A98002AABCE /* ContentView.swift */; };
		02AAEC3B28054A9A002AABCE /* Assets.xcassets in Resources */ = {isa = PBXBuildFile; fileRef = 02AAEC3A28054A9A002AABCE /* Assets.xcassets */; };
		02AAEC3E28054A9A002AABCE /* Preview Assets.xcassets in Resources */ = {isa = PBXBuildFile; fileRef = 02AAEC3D28054A9A002AABCE /* Preview Assets.xcassets */; };
		02AAEC4728054DCC002AABCE /* Expense.swift in Sources */ = {isa = PBXBuildFile; fileRef = 02AAEC4628054DCC002AABCE /* Expense.swift */; };
		02AAEC4928054ED6002AABCE /* Home.swift in Sources */ = {isa = PBXBuildFile; fileRef = 02AAEC4828054ED6002AABCE /* Home.swift */; };
		02AAEC4B28055412002AABCE /* SpeedoMeter.swift in Sources */ = {isa = PBXBuildFile; fileRef = 02AAEC4A28055412002AABCE /* SpeedoMeter.swift */; };
		02AAEC4D28056844002AABCE /* IndicatorShape.swift in Sources */ = {isa = PBXBuildFile; fileRef = 02AAEC4C28056844002AABCE /* IndicatorShape.swift */; };
		02AAEC4F280572AF002AABCE /* AnimatedText.swift in Sources */ = {isa = PBXBuildFile; fileRef = 02AAEC4E280572AE002AABCE /* AnimatedText.swift */; };
/* End PBXBuildFile section */

/* Begin PBXFileReference section */
		02AAEC3328054A98002AABCE /* InstrumentPanel0412.app */ = {isa = PBXFileReference; explicitFileType = wrapper.application; includeInIndex = 0; path = InstrumentPanel0412.app; sourceTree = BUILT_PRODUCTS_DIR; };
		02AAEC3628054A98002AABCE /* InstrumentPanel0412App.swift */ = {isa = PBXFileReference; lastKnownFileType = sourcecode.swift; path = InstrumentPanel0412App.swift; sourceTree = "<group>"; };
		02AAEC3828054A98002AABCE /* ContentView.swift */ = {isa = PBXFileReference; lastKnownFileType = sourcecode.swift; path = ContentView.swift; sourceTree = "<group>"; };
		02AAEC3A28054A9A002AABCE /* Assets.xcassets */ = {isa = PBXFileReference; lastKnownFileType = folder.assetcatalog; path = Assets.xcassets; sourceTree = "<group>"; };
		02AAEC3D28054A9A002AABCE /* Preview Assets.xcassets */ = {isa = PBXFileReference; lastKnownFileType = folder.assetcatalog; path = "Preview Assets.xcassets"; sourceTree = "<group>"; };
		02AAEC4628054DCC002AABCE /* Expense.swift */ = {isa = PBXFileReference; lastKnownFileType = sourcecode.swift; path = Expense.swift; sourceTree = "<group>"; };
		02AAEC4828054ED6002AABCE /* Home.swift */ = {isa = PBXFileReference; lastKnownFileType = sourcecode.swift; path = Home.swift; sourceTree = "<group>"; };
		02AAEC4A28055412002AABCE /* SpeedoMeter.swift */ = {isa = PBXFileReference; lastKnownFileType = sourcecode.swift; path = SpeedoMeter.swift; sourceTree = "<group>"; };
		02AAEC4C28056844002AABCE /* IndicatorShape.swift */ = {isa = PBXFileReference; lastKnownFileType = sourcecode.swift; path = IndicatorShape.swift; sourceTree = "<group>"; };
		02AAEC4E280572AE002AABCE /* AnimatedText.swift */ = {isa = PBXFileReference; lastKnownFileType = sourcecode.swift; path = AnimatedText.swift; sourceTree = "<group>"; };
/* End PBXFileReference section */

/* Begin PBXFrameworksBuildPhase section */
		02AAEC3028054A98002AABCE /* Frameworks */ = {
			isa = PBXFrameworksBuildPhase;
			buildActionMask = 2147483647;
			files = (
			);
			runOnlyForDeploymentPostprocessing = 0;
		};
/* End PBXFrameworksBuildPhase section */

/* Begin PBXGroup section */
		02AAEC2A28054A98002AABCE = {
			isa = PBXGroup;
			children = (
				02AAEC3528054A98002AABCE /* InstrumentPanel0412 */,
				02AAEC3428054A98002AABCE /* Products */,
			);
			sourceTree = "<group>";
		};
		02AAEC3428054A98002AABCE /* Products */ = {
			isa = PBXGroup;
			children = (
				02AAEC3328054A98002AABCE /* InstrumentPanel0412.app */,
			);
			name = Products;
			sourceTree = "<group>";
		};
		02AAEC3528054A98002AABCE /* InstrumentPanel0412 */ = {
			isa = PBXGroup;
			children = (
				02AAEC4528054DBB002AABCE /* Model */,
				02AAEC4428054DB4002AABCE /* View */,
				02AAEC3628054A98002AABCE /* InstrumentPanel0412App.swift */,
				02AAEC3828054A98002AABCE /* ContentView.swift */,
				02AAEC3A28054A9A002AABCE /* Assets.xcassets */,
				02AAEC3C28054A9A002AABCE /* Preview Content */,
			);
			path = InstrumentPanel0412;
			sourceTree = "<group>";
		};
		02AAEC3C28054A9A002AABCE /* Preview Content */ = {
			isa = PBXGroup;
			children = (
				02AAEC3D28054A9A002AABCE /* Preview Assets.xcassets */,
			);
			path = "Preview Content";
			sourceTree = "<group>";
		};
		02AAEC4428054DB4002AABCE /* View */ = {
			isa = PBXGroup;
			children = (
				02AAEC4828054ED6002AABCE /* Home.swift */,
				02AAEC4A28055412002AABCE /* SpeedoMeter.swift */,
				02AAEC4C28056844002AABCE /* IndicatorShape.swift */,
				02AAEC4E280572AE002AABCE /* AnimatedText.swift */,
			);
			path = View;
			sourceTree = "<group>";
		};
		02AAEC4528054DBB002AABCE /* Model */ = {
			isa = PBXGroup;
			children = (
				02AAEC4628054DCC002AABCE /* Expense.swift */,
			);
			path = Model;
			sourceTree = "<group>";
		};
/* End PBXGroup section */

/* Begin PBXNativeTarget section */
		02AAEC3228054A98002AABCE /* InstrumentPanel0412 */ = {
			isa = PBXNativeTarget;
			buildConfigurationList = 02AAEC4128054A9A002AABCE /* Build configuration list for PBXNativeTarget "InstrumentPanel0412" */;
			buildPhases = (
				02AAEC2F28054A98002AABCE /* Sources */,
				02AAEC3028054A98002AABCE /* Frameworks */,
				02AAEC3128054A98002AABCE /* Resources */,
			);
			buildRules = (
			);
			dependencies = (
			);
			name = InstrumentPanel0412;
			productName = InstrumentPanel0412;
			productReference = 02AAEC3328054A98002AABCE /* InstrumentPanel0412.app */;
			productType = "com.apple.product-type.application";
		};
/* End PBXNativeTarget section */

/* Begin PBXProject section */
		02AAEC2B28054A98002AABCE /* Project object */ = {
			isa = PBXProject;
			attributes = {
				BuildIndependentTargetsInParallel = 1;
				LastSwiftUpdateCheck = 1330;
				LastUpgradeCheck = 1330;
				TargetAttributes = {
					02AAEC3228054A98002AABCE = {
						CreatedOnToolsVersion = 13.3;
					};
				};
			};
			buildConfigurationList = 02AAEC2E28054A98002AABCE /* Build configuration list for PBXProject "InstrumentPanel0412" */;
			compatibilityVersion = "Xcode 13.0";
			developmentRegion = en;
			hasScannedForEncodings = 0;
			knownRegions = (
				en,
				Base,
			);
			mainGroup = 02AAEC2A28054A98002AABCE;
			productRefGroup = 02AAEC3428054A98002AABCE /* Products */;
			projectDirPath = "";
			projectRoot = "";
			targets = (
				02AAEC3228054A98002AABCE /* InstrumentPanel0412 */,
			);
		};
/* End PBXProject section */

/* Begin PBXResourcesBuildPhase section */
		02AAEC3128054A98002AABCE /* Resources */ = {
			isa = PBXResourcesBuildPhase;
			buildActionMask = 2147483647;
			files = (
				02AAEC3E28054A9A002AABCE /* Preview Assets.xcassets in Resources */,
				02AAEC3B28054A9A002AABCE /* Assets.xcassets in Resources */,
			);
			runOnlyForDeploymentPostprocessing = 0;
		};
/* End PBXResourcesBuildPhase section */

/* Begin PBXSourcesBuildPhase section */
		02AAEC2F28054A98002AABCE /* Sources */ = {
			isa = PBXSourcesBuildPhase;
			buildActionMask = 2147483647;
			files = (
				02AAEC4F280572AF002AABCE /* AnimatedText.swift in Sources */,
				02AAEC4728054DCC002AABCE /* Expense.swift in Sources */,
				02AAEC3928054A98002AABCE /* ContentView.swift in Sources */,
				02AAEC4B28055412002AABCE /* SpeedoMeter.swift in Sources */,
				02AAEC4928054ED6002AABCE /* Home.swift in Sources */,
				02AAEC3728054A98002AABCE /* InstrumentPanel0412App.swift in Sources */,
				02AAEC4D28056844002AABCE /* IndicatorShape.swift in Sources */,
			);
			runOnlyForDeploymentPostprocessing = 0;
		};
/* End PBXSourcesBuildPhase section */

/* Begin XCBuildConfiguration section */
		02AAEC3F28054A9A002AABCE /* Debug */ = {
			isa = XCBuildConfiguration;
			buildSettings = {
				ALWAYS_SEARCH_USER_PATHS = NO;
				CLANG_ANALYZER_NONNULL = YES;
				CLANG_ANALYZER_NUMBER_OBJECT_CONVERSION = YES_AGGRESSIVE;
				CLANG_CXX_LANGUAGE_STANDARD = "gnu++17";
				CLANG_ENABLE_MODULES = YES;
				CLANG_ENABLE_OBJC_ARC = YES;
				CLANG_ENABLE_OBJC_WEAK = YES;
				CLANG_WARN_BLOCK_CAPTURE_AUTORELEASING = YES;
				CLANG_WARN_BOOL_CONVERSION = YES;
				CLANG_WARN_COMMA = YES;
				CLANG_WARN_CONSTANT_CONVERSION = YES;
				CLANG_WARN_DEPRECATED_OBJC_IMPLEMENTATIONS = YES;
				CLANG_WARN_DIRECT_OBJC_ISA_USAGE = YES_ERROR;
				CLANG_WARN_DOCUMENTATION_COMMENTS = YES;
				CLANG_WARN_EMPTY_BODY = YES;
				CLANG_WARN_ENUM_CONVERSION = YES;
				CLANG_WARN_INFINITE_RECURSION = YES;
				CLANG_WARN_INT_CONVERSION = YES;
				CLANG_WARN_NON_LITERAL_NULL_CONVERSION = YES;
				CLANG_WARN_OBJC_IMPLICIT_RETAIN_SELF = YES;
				CLANG_WARN_OBJC_LITERAL_CONVERSION = YES;
				CLANG_WARN_OBJC_ROOT_CLASS = YES_ERROR;
				CLANG_WARN_QUOTED_INCLUDE_IN_FRAMEWORK_HEADER = YES;
				CLANG_WARN_RANGE_LOOP_ANALYSIS = YES;
				CLANG_WARN_STRICT_PROTOTYPES = YES;
				CLANG_WARN_SUSPICIOUS_MOVE = YES;
				CLANG_WARN_UNGUARDED_AVAILABILITY = YES_AGGRESSIVE;
				CLANG_WARN_UNREACHABLE_CODE = YES;
				CLANG_WARN__DUPLICATE_METHOD_MATCH = YES;
				COPY_PHASE_STRIP = NO;
				DEBUG_INFORMATION_FORMAT = dwarf;
				ENABLE_STRICT_OBJC_MSGSEND = YES;
				ENABLE_TESTABILITY = YES;
				GCC_C_LANGUAGE_STANDARD = gnu11;
				GCC_DYNAMIC_NO_PIC = NO;
				GCC_NO_COMMON_BLOCKS = YES;
				GCC_OPTIMIZATION_LEVEL = 0;
				GCC_PREPROCESSOR_DEFINITIONS = (
					"DEBUG=1",
					"$(inherited)",
				);
				GCC_WARN_64_TO_32_BIT_CONVERSION = YES;
				GCC_WARN_ABOUT_RETURN_TYPE = YES_ERROR;
				GCC_WARN_UNDECLARED_SELECTOR = YES;
				GCC_WARN_UNINITIALIZED_AUTOS = YES_AGGRESSIVE;
				GCC_WARN_UNUSED_FUNCTION = YES;
				GCC_WARN_UNUSED_VARIABLE = YES;
				IPHONEOS_DEPLOYMENT_TARGET = 15.4;
				MTL_ENABLE_DEBUG_INFO = INCLUDE_SOURCE;
				MTL_FAST_MATH = YES;
				ONLY_ACTIVE_ARCH = YES;
				SDKROOT = iphoneos;
				SWIFT_ACTIVE_COMPILATION_CONDITIONS = DEBUG;
				SWIFT_OPTIMIZATION_LEVEL = "-Onone";
			};
			name = Debug;
		};
		02AAEC4028054A9A002AABCE /* Release */ = {
			isa = XCBuildConfiguration;
			buildSettings = {
				ALWAYS_SEARCH_USER_PATHS = NO;
				CLANG_ANALYZER_NONNULL = YES;
				CLANG_ANALYZER_NUMBER_OBJECT_CONVERSION = YES_AGGRESSIVE;
				CLANG_CXX_LANGUAGE_STANDARD = "gnu++17";
				CLANG_ENABLE_MODULES = YES;
				CLANG_ENABLE_OBJC_ARC = YES;
				CLANG_ENABLE_OBJC_WEAK = YES;
				CLANG_WARN_BLOCK_CAPTURE_AUTORELEASING = YES;
				CLANG_WARN_BOOL_CONVERSION = YES;
				CLANG_WARN_COMMA = YES;
				CLANG_WARN_CONSTANT_CONVERSION = YES;
				CLANG_WARN_DEPRECATED_OBJC_IMPLEMENTATIONS = YES;
				CLANG_WARN_DIRECT_OBJC_ISA_USAGE = YES_ERROR;
				CLANG_WARN_DOCUMENTATION_COMMENTS = YES;
				CLANG_WARN_EMPTY_BODY = YES;
				CLANG_WARN_ENUM_CONVERSION = YES;
				CLANG_WARN_INFINITE_RECURSION = YES;
				CLANG_WARN_INT_CONVERSION = YES;
				CLANG_WARN_NON_LITERAL_NULL_CONVERSION = YES;
				CLANG_WARN_OBJC_IMPLICIT_RETAIN_SELF = YES;
				CLANG_WARN_OBJC_LITERAL_CONVERSION = YES;
				CLANG_WARN_OBJC_ROOT_CLASS = YES_ERROR;
				CLANG_WARN_QUOTED_INCLUDE_IN_FRAMEWORK_HEADER = YES;
				CLANG_WARN_RANGE_LOOP_ANALYSIS = YES;
				CLANG_WARN_STRICT_PROTOTYPES = YES;
				CLANG_WARN_SUSPICIOUS_MOVE = YES;
				CLANG_WARN_UNGUARDED_AVAILABILITY = YES_AGGRESSIVE;
				CLANG_WARN_UNREACHABLE_CODE = YES;
				CLANG_WARN__DUPLICATE_METHOD_MATCH = YES;
				COPY_PHASE_STRIP = NO;
				DEBUG_INFORMATION_FORMAT = "dwarf-with-dsym";
				ENABLE_NS_ASSERTIONS = NO;
				ENABLE_STRICT_OBJC_MSGSEND = YES;
				GCC_C_LANGUAGE_STANDARD = gnu11;
				GCC_NO_COMMON_BLOCKS = YES;
				GCC_WARN_64_TO_32_BIT_CONVERSION = YES;
				GCC_WARN_ABOUT_RETURN_TYPE = YES_ERROR;
				GCC_WARN_UNDECLARED_SELECTOR = YES;
				GCC_WARN_UNINITIALIZED_AUTOS = YES_AGGRESSIVE;
				GCC_WARN_UNUSED_FUNCTION = YES;
				GCC_WARN_UNUSED_VARIABLE = YES;
				IPHONEOS_DEPLOYMENT_TARGET = 15.4;
				MTL_ENABLE_DEBUG_INFO = NO;
				MTL_FAST_MATH = YES;
				SDKROOT = iphoneos;
				SWIFT_COMPILATION_MODE = wholemodule;
				SWIFT_OPTIMIZATION_LEVEL = "-O";
				VALIDATE_PRODUCT = YES;
			};
			name = Release;
		};
		02AAEC4228054A9A002AABCE /* Debug */ = {
			isa = XCBuildConfiguration;
			buildSettings = {
				ASSETCATALOG_COMPILER_APPICON_NAME = AppIcon;
				ASSETCATALOG_COMPILER_GLOBAL_ACCENT_COLOR_NAME = AccentColor;
				CODE_SIGN_STYLE = Automatic;
				CURRENT_PROJECT_VERSION = 1;
				DEVELOPMENT_ASSET_PATHS = "\"InstrumentPanel0412/Preview Content\"";
				DEVELOPMENT_TEAM = Z24MR455SQ;
				ENABLE_PREVIEWS = YES;
				GENERATE_INFOPLIST_FILE = YES;
				INFOPLIST_KEY_UIApplicationSceneManifest_Generation = YES;
				INFOPLIST_KEY_UIApplicationSupportsIndirectInputEvents = YES;
				INFOPLIST_KEY_UILaunchScreen_Generation = YES;
				INFOPLIST_KEY_UISupportedInterfaceOrientations_iPad = "UIInterfaceOrientationPortrait UIInterfaceOrientationPortraitUpsideDown UIInterfaceOrientationLandscapeLeft UIInterfaceOrientationLandscapeRight";
				INFOPLIST_KEY_UISupportedInterfaceOrientations_iPhone = "UIInterfaceOrientationPortrait UIInterfaceOrientationLandscapeLeft UIInterfaceOrientationLandscapeRight";
				LD_RUNPATH_SEARCH_PATHS = (
					"$(inherited)",
					"@executable_path/Frameworks",
				);
				MARKETING_VERSION = 1.0;
				PRODUCT_BUNDLE_IDENTIFIER = zyf.InstrumentPanel0412;
				PRODUCT_NAME = "$(TARGET_NAME)";
				SWIFT_EMIT_LOC_STRINGS = YES;
				SWIFT_VERSION = 5.0;
				TARGETED_DEVICE_FAMILY = "1,2";
			};
			name = Debug;
		};
		02AAEC4328054A9A002AABCE /* Release */ = {
			isa = XCBuildConfiguration;
			buildSettings = {
				ASSETCATALOG_COMPILER_APPICON_NAME = AppIcon;
				ASSETCATALOG_COMPILER_GLOBAL_ACCENT_COLOR_NAME = AccentColor;
				CODE_SIGN_STYLE = Automatic;
				CURRENT_PROJECT_VERSION = 1;
				DEVELOPMENT_ASSET_PATHS = "\"InstrumentPanel0412/Preview Content\"";
				DEVELOPMENT_TEAM = Z24MR455SQ;
				ENABLE_PREVIEWS = YES;
				GENERATE_INFOPLIST_FILE = YES;
				INFOPLIST_KEY_UIApplicationSceneManifest_Generation = YES;
				INFOPLIST_KEY_UIApplicationSupportsIndirectInputEvents = YES;
				INFOPLIST_KEY_UILaunchScreen_Generation = YES;
				INFOPLIST_KEY_UISupportedInterfaceOrientations_iPad = "UIInterfaceOrientationPortrait UIInterfaceOrientationPortraitUpsideDown UIInterfaceOrientationLandscapeLeft UIInterfaceOrientationLandscapeRight";
				INFOPLIST_KEY_UISupportedInterfaceOrientations_iPhone = "UIInterfaceOrientationPortrait UIInterfaceOrientationLandscapeLeft UIInterfaceOrientationLandscapeRight";
				LD_RUNPATH_SEARCH_PATHS = (
					"$(inherited)",
					"@executable_path/Frameworks",
				);
				MARKETING_VERSION = 1.0;
				PRODUCT_BUNDLE_IDENTIFIER = zyf.InstrumentPanel0412;
				PRODUCT_NAME = "$(TARGET_NAME)";
				SWIFT_EMIT_LOC_STRINGS = YES;
				SWIFT_VERSION = 5.0;
				TARGETED_DEVICE_FAMILY = "1,2";
			};
			name = Release;
		};
/* End XCBuildConfiguration section */

/* Begin XCConfigurationList section */
		02AAEC2E28054A98002AABCE /* Build configuration list for PBXProject "InstrumentPanel0412" */ = {
			isa = XCConfigurationList;
			buildConfigurations = (
				02AAEC3F28054A9A002AABCE /* Debug */,
				02AAEC4028054A9A002AABCE /* Release */,
			);
			defaultConfigurationIsVisible = 0;
			defaultConfigurationName = Release;
		};
		02AAEC4128054A9A002AABCE /* Build configuration list for PBXNativeTarget "InstrumentPanel0412" */ = {
			isa = XCConfigurationList;
			buildConfigurations = (
				02AAEC4228054A9A002AABCE /* Debug */,
				02AAEC4328054A9A002AABCE /* Release */,
			);
			defaultConfigurationIsVisible = 0;
			defaultConfigurationName = Release;
		};
/* End XCConfigurationList section */
	};
	rootObject = 02AAEC2B28054A98002AABCE /* Project object */;
}
